
Microsoft Visual Studio Solution File, Format Version 12.00
# Visual Studio Version 17
VisualStudioVersion = 17.4.33403.182
MinimumVisualStudioVersion = 10.0.40219.1
Project("{9A19103F-16F7-4668-BE54-9A1E7A4F7556}") = "Mazinger", "Mazinger.csproj", "{2881806E-6497-4E84-B07B-C461F829EB5B}"
EndProject
Global
	GlobalSection(SolutionConfigurationPlatforms) = preSolution
		Debug|Any CPU = Debug|Any CPU
		Release|Any CPU = Release|Any CPU
	EndGlobalSection
	GlobalSection(ProjectConfigurationPlatforms) = postSolution
		{2881806E-6497-4E84-B07B-C461F829EB5B}.Debug|Any CPU.ActiveCfg = Debug|Any CPU
		{2881806E-6497-4E84-B07B-C461F829EB5B}.Debug|Any CPU.Build.0 = Debug|Any CPU
		{2881806E-6497-4E84-B07B-C461F829EB5B}.Release|Any CPU.ActiveCfg = Release|Any CPU
		{2881806E-6497-4E84-B07B-C461F829EB5B}.Release|Any CPU.Build.0 = Release|Any CPU
	EndGlobalSection
	GlobalSection(SolutionProperties) = preSolution
		HideSolutionNode = FALSE
	EndGlobalSection
	GlobalSection(ExtensibilityGlobals) = postSolution
		SolutionGuid = {9CDEF122-0DEB-4607-BBC0-6A15CFDD2CAB}
	EndGlobalSection
EndGlobal
